Microsoft Visual Studio Solution File, Format Version 12.00
Project("{FAE04EC0-301F-11D3-BF4B-00C04F79EFBC}") = "ModsFilter", "src\ModsFilter\ModsFilter.csproj", "{7A69DE0B-686A-41F2-AF68-616CA748D44C}"
EndProject
Project("{FAE04EC0-301F-11D3-BF4B-00C04F79EFBC}") = "TrafficVisualizer", "src\TrafficVisualizer\TrafficVisualizer.csproj", "{AD6C4F54-0B87-4261-AABB-04C091A2EAD0}"
EndProject
Project("{FAE04EC0-301F-11D3-BF4B-00C04F79EFBC}") = "SquareLib", "src\SquareLib\SquareLib.csproj", "{BEF442F0-DD7A-4261-914E-1DBD07AD4852}"
EndProject
Global
	GlobalSection(SolutionConfigurationPlatforms) = preSolution
		Debug|Any CPU = Debug|Any CPU
		Release|Any CPU = Release|Any CPU
	EndGlobalSection
	GlobalSection(ProjectConfigurationPlatforms) = postSolution
		{7A69DE0B-686A-41F2-AF68-616CA748D44C}.Debug|Any CPU.ActiveCfg = Debug|Any CPU
		{7A69DE0B-686A-41F2-AF68-616CA748D44C}.Debug|Any CPU.Build.0 = Debug|Any CPU
		{7A69DE0B-686A-41F2-AF68-616CA748D44C}.Release|Any CPU.ActiveCfg = Release|Any CPU
		{7A69DE0B-686A-41F2-AF68-616CA748D44C}.Release|Any CPU.Build.0 = Release|Any CPU
		{AD6C4F54-0B87-4261-AABB-04C091A2EAD0}.Debug|Any CPU.ActiveCfg = Debug|Any CPU
		{AD6C4F54-0B87-4261-AABB-04C091A2EAD0}.Debug|Any CPU.Build.0 = Debug|Any CPU
		{AD6C4F54-0B87-4261-AABB-04C091A2EAD0}.Release|Any CPU.ActiveCfg = Release|Any CPU
		{AD6C4F54-0B87-4261-AABB-04C091A2EAD0}.Release|Any CPU.Build.0 = Release|Any CPU
		{E71A6982-BEB0-42F5-BE29-C9AF9BF67ECC}.Debug|Any CPU.ActiveCfg = Debug|Any CPU
		{E71A6982-BEB0-42F5-BE29-C9AF9BF67ECC}.Debug|Any CPU.Build.0 = Debug|Any CPU
		{E71A6982-BEB0-42F5-BE29-C9AF9BF67ECC}.Release|Any CPU.ActiveCfg = Release|Any CPU
		{E71A6982-BEB0-42F5-BE29-C9AF9BF67ECC}.Release|Any CPU.Build.0 = Release|Any CPU
	EndGlobalSection
EndGlobal
