Microsoft Visual Studio Solution File, Format Version 12.00
Project("{FAE04EC0-301F-11D3-BF4B-00C04F79EFBC}") = "ModsFilter", "src\ModsFilter\ModsFilter.csproj", "{7A69DE0B-686A-41F2-AF68-616CA748D44C}"
EndProject
Project("{FAE04EC0-301F-11D3-BF4B-00C04F79EFBC}") = "TrafficVisualizer", "src\TrafficVisualizer\TrafficVisualizer.csproj", "{AD6C4F54-0B87-4261-AABB-04C091A2EAD0}"
EndProject
Project("{FAE04EC0-301F-11D3-BF4B-00C04F79EFBC}") = "ItemPermeableTiles", "src\ItemPermeableTiles\ItemPermeableTiles.csproj", "{EB1B6CFF-2BA0-4D5D-9F76-341D7364D0E3}"
EndProject
Project("{FAE04EC0-301F-11D3-BF4B-00C04F79EFBC}") = "SquareLib", "src\SquareLib\SquareLib.csproj", "{BEF442F0-DD7A-4261-914E-1DBD07AD4852}"
EndProject
Project("{FAE04EC0-301F-11D3-BF4B-00C04F79EFBC}") = "BetterAnimations", "src\BetterAnimations\BetterAnimations.csproj", "{FB3FED85-8025-4974-A880-9C6A842E390B}"
EndProject
Project("{FAE04EC0-301F-11D3-BF4B-00C04F79EFBC}") = "InfoOverlay", "src\InfoOverlay\InfoOverlay.csproj", "{8B35B0F6-B0DA-4E85-933A-32A3E62142A3}"
EndProject
Project("{FAE04EC0-301F-11D3-BF4B-00C04F79EFBC}") = "InfiniteStorage", "src\InfiniteStorage\InfiniteStorage.csproj", "{B66D2E00-0798-4780-8492-C5E27A09363E}"
EndProject
Project("{FAE04EC0-301F-11D3-BF4B-00C04F79EFBC}") = "Meep", "src\Meep\Meep.csproj", "{02A99E6C-56B3-4BDA-B002-4DEDE5A86115}"
EndProject
Global
	GlobalSection(SolutionConfigurationPlatforms) = preSolution
		Debug|Any CPU = Debug|Any CPU
		Release|Any CPU = Release|Any CPU
	EndGlobalSection
	GlobalSection(ProjectConfigurationPlatforms) = postSolution
		{7A69DE0B-686A-41F2-AF68-616CA748D44C}.Debug|Any CPU.ActiveCfg = Debug|Any CPU
		{7A69DE0B-686A-41F2-AF68-616CA748D44C}.Debug|Any CPU.Build.0 = Debug|Any CPU
		{7A69DE0B-686A-41F2-AF68-616CA748D44C}.Release|Any CPU.ActiveCfg = Release|Any CPU
		{7A69DE0B-686A-41F2-AF68-616CA748D44C}.Release|Any CPU.Build.0 = Release|Any CPU
		{AD6C4F54-0B87-4261-AABB-04C091A2EAD0}.Debug|Any CPU.ActiveCfg = Debug|Any CPU
		{AD6C4F54-0B87-4261-AABB-04C091A2EAD0}.Debug|Any CPU.Build.0 = Debug|Any CPU
		{AD6C4F54-0B87-4261-AABB-04C091A2EAD0}.Release|Any CPU.ActiveCfg = Release|Any CPU
		{AD6C4F54-0B87-4261-AABB-04C091A2EAD0}.Release|Any CPU.Build.0 = Release|Any CPU
		{EB1B6CFF-2BA0-4D5D-9F76-341D7364D0E3}.Debug|Any CPU.ActiveCfg = Debug|Any CPU
		{EB1B6CFF-2BA0-4D5D-9F76-341D7364D0E3}.Debug|Any CPU.Build.0 = Debug|Any CPU
		{EB1B6CFF-2BA0-4D5D-9F76-341D7364D0E3}.Release|Any CPU.ActiveCfg = Release|Any CPU
		{EB1B6CFF-2BA0-4D5D-9F76-341D7364D0E3}.Release|Any CPU.Build.0 = Release|Any CPU
		{BEF442F0-DD7A-4261-914E-1DBD07AD4852}.Debug|Any CPU.ActiveCfg = Debug|Any CPU
		{BEF442F0-DD7A-4261-914E-1DBD07AD4852}.Debug|Any CPU.Build.0 = Debug|Any CPU
		{BEF442F0-DD7A-4261-914E-1DBD07AD4852}.Release|Any CPU.ActiveCfg = Release|Any CPU
		{BEF442F0-DD7A-4261-914E-1DBD07AD4852}.Release|Any CPU.Build.0 = Release|Any CPU
		{FB3FED85-8025-4974-A880-9C6A842E390B}.Debug|Any CPU.ActiveCfg = Debug|Any CPU
		{FB3FED85-8025-4974-A880-9C6A842E390B}.Debug|Any CPU.Build.0 = Debug|Any CPU
		{FB3FED85-8025-4974-A880-9C6A842E390B}.Release|Any CPU.ActiveCfg = Release|Any CPU
		{FB3FED85-8025-4974-A880-9C6A842E390B}.Release|Any CPU.Build.0 = Release|Any CPU
		{8B35B0F6-B0DA-4E85-933A-32A3E62142A3}.Debug|Any CPU.ActiveCfg = Debug|Any CPU
		{8B35B0F6-B0DA-4E85-933A-32A3E62142A3}.Debug|Any CPU.Build.0 = Debug|Any CPU
		{8B35B0F6-B0DA-4E85-933A-32A3E62142A3}.Release|Any CPU.ActiveCfg = Release|Any CPU
		{8B35B0F6-B0DA-4E85-933A-32A3E62142A3}.Release|Any CPU.Build.0 = Release|Any CPU
		{B66D2E00-0798-4780-8492-C5E27A09363E}.Debug|Any CPU.ActiveCfg = Debug|Any CPU
		{B66D2E00-0798-4780-8492-C5E27A09363E}.Debug|Any CPU.Build.0 = Debug|Any CPU
		{B66D2E00-0798-4780-8492-C5E27A09363E}.Release|Any CPU.ActiveCfg = Release|Any CPU
		{B66D2E00-0798-4780-8492-C5E27A09363E}.Release|Any CPU.Build.0 = Release|Any CPU
		{02A99E6C-56B3-4BDA-B002-4DEDE5A86115}.Debug|Any CPU.ActiveCfg = Debug|Any CPU
		{02A99E6C-56B3-4BDA-B002-4DEDE5A86115}.Debug|Any CPU.Build.0 = Debug|Any CPU
		{02A99E6C-56B3-4BDA-B002-4DEDE5A86115}.Release|Any CPU.ActiveCfg = Release|Any CPU
		{02A99E6C-56B3-4BDA-B002-4DEDE5A86115}.Release|Any CPU.Build.0 = Release|Any CPU
	EndGlobalSection
EndGlobal
