Microsoft Visual Studio Solution File, Format Version 12.00
Project("{FAE04EC0-301F-11D3-BF4B-00C04F79EFBC}") = "ModsFilter", "src\ModsFilter\ModsFilter.csproj", "{7A69DE0B-686A-41F2-AF68-616CA748D44C}"
EndProject
Project("{FAE04EC0-301F-11D3-BF4B-00C04F79EFBC}") = "TrafficVisualizer", "src\TrafficVisualizer\TrafficVisualizer.csproj", "{AD6C4F54-0B87-4261-AABB-04C091A2EAD0}"
EndProject
Project("{FAE04EC0-301F-11D3-BF4B-00C04F79EFBC}") = "ItemPermeableTiles", "src\ItemPermeableTiles\ItemPermeableTiles.csproj", "{EB1B6CFF-2BA0-4D5D-9F76-341D7364D0E3}"
EndProject
Project("{FAE04EC0-301F-11D3-BF4B-00C04F79EFBC}") = "SquareLib", "src\SquareLib\SquareLib.csproj", "{BEF442F0-DD7A-4261-914E-1DBD07AD4852}"
EndProject
Project("{FAE04EC0-301F-11D3-BF4B-00C04F79EFBC}") = "BetterAnimations", "src\BetterAnimations\BetterAnimations.csproj", "{FB3FED85-8025-4974-A880-9C6A842E390B}"
EndProject
Project("{FAE04EC0-301F-11D3-BF4B-00C04F79EFBC}") = "InfoOverlay", "src\InfoOverlay\InfoOverlay.csproj", "{8B35B0F6-B0DA-4E85-933A-32A3E62142A3}"
EndProject
Project("{FAE04EC0-301F-11D3-BF4B-00C04F79EFBC}") = "InfiniteStorage", "src\InfiniteStorage\InfiniteStorage.csproj", "{B66D2E00-0798-4780-8492-C5E27A09363E}"
EndProject
Project("{FAE04EC0-301F-11D3-BF4B-00C04F79EFBC}") = "Meep", "src\Meep\Meep.csproj", "{02A99E6C-56B3-4BDA-B002-4DEDE5A86115}"
EndProject
Project("{FAE04EC0-301F-11D3-BF4B-00C04F79EFBC}") = "AnyStartingDupe", "src\AnyStartingDupe\AnyStartingDupe.csproj", "{1EA7778F-34A2-4101-9031-16366656AC4B}"
EndProject
Project("{FAE04EC0-301F-11D3-BF4B-00C04F79EFBC}") = "BreathTraitsAffectBreathing", "src\BreathTraitsAffectBreathing\BreathTraitsAffectBreathing.csproj", "{6F8F8B54-8F19-4AD8-A4ED-CEFA9234B5ED}"
EndProject
Project("{FAE04EC0-301F-11D3-BF4B-00C04F79EFBC}") = "ClothingLocker", "src\ClothingLocker\ClothingLocker.csproj", "{305D3958-F5C0-47CA-A27F-ABDAD65BA007}"
EndProject
Project("{FAE04EC0-301F-11D3-BF4B-00C04F79EFBC}") = "FartFrequently", "src\FartFrequently\FartFrequently.csproj", "{7163CBA4-822F-40B1-BFD0-FD913D12E08D}"
EndProject
Project("{FAE04EC0-301F-11D3-BF4B-00C04F79EFBC}") = "HeavyBreathing", "src\HeavyBreathing\HeavyBreathing.csproj", "{440207F5-3CC0-4BAD-B7BC-05B15E98D192}"
EndProject
Project("{FAE04EC0-301F-11D3-BF4B-00C04F79EFBC}") = "MassBasedDigging", "src\MassBasedDigging\MassBasedDigging.csproj", "{54B861FC-48C7-4AB3-BA02-225514B84DF4}"
EndProject
Project("{FAE04EC0-301F-11D3-BF4B-00C04F79EFBC}") = "MicroTransformer", "src\MicroTransformer\MicroTransformer.csproj", "{A89E67C5-4E0D-4B8B-A434-0DD6D0784372}"
EndProject
Project("{FAE04EC0-301F-11D3-BF4B-00C04F79EFBC}") = "UnblockableRockets", "src\UnblockableRockets\UnblockableRockets.csproj", "{ECE77403-D04A-4A7C-BA57-EB0BAA7CC589}"
EndProject
Project("{FAE04EC0-301F-11D3-BF4B-00C04F79EFBC}") = "DragToolArea", "src\DragToolArea\DragToolArea.csproj", "{74B564BA-77FF-4C35-B209-9F8147A8DA47}"
EndProject
Project("{FAE04EC0-301F-11D3-BF4B-00C04F79EFBC}") = "PriorityZero", "src\PriorityZero\PriorityZero.csproj", "{6DEAED3C-2E4E-43DD-9C91-61736F5314FE}"
EndProject
Project("{FAE04EC0-301F-11D3-BF4B-00C04F79EFBC}") = "ShowStorageCapacity", "src\ShowStorageCapacity\ShowStorageCapacity.csproj", "{68BA2946-58D7-4E6C-AEA2-FC91A608CCA4}"
EndProject
Project("{FAE04EC0-301F-11D3-BF4B-00C04F79EFBC}") = "UnrestrictedTransitTubes", "src\UnrestrictedTransitTubes\UnrestrictedTransitTubes.csproj", "{FCC15933-E7A0-4FDA-BE73-8B13CE462206}"
EndProject
Project("{FAE04EC0-301F-11D3-BF4B-00C04F79EFBC}") = "NoMopLimit", "src\NoMopLimit\NoMopLimit.csproj", "{62C8D362-094C-4010-B2CC-423FCC3F4E50}"
EndProject
Project("{FAE04EC0-301F-11D3-BF4B-00C04F79EFBC}") = "RenameAsteroids", "src\RenameAsteroids\RenameAsteroids.csproj", "{4B3CAC7A-2AF0-4594-89DE-3CE3E26C48CB}"
EndProject
Global
	GlobalSection(SolutionConfigurationPlatforms) = preSolution
								Mergedown|Any CPU = Mergedown|Any CPU
		Vanilla|Any CPU = Vanilla|Any CPU
	EndGlobalSection
	GlobalSection(ProjectConfigurationPlatforms) = postSolution
		{7A69DE0B-686A-41F2-AF68-616CA748D44C}.Vanilla|Any CPU.ActiveCfg = Vanilla|Any CPU
		{7A69DE0B-686A-41F2-AF68-616CA748D44C}.Vanilla|Any CPU.Build.0 = Vanilla|Any CPU
		{7A69DE0B-686A-41F2-AF68-616CA748D44C}.Mergedown|Any CPU.ActiveCfg = Mergedown|Any CPU
		{7A69DE0B-686A-41F2-AF68-616CA748D44C}.Mergedown|Any CPU.Build.0 = Mergedown|Any CPU
		{AD6C4F54-0B87-4261-AABB-04C091A2EAD0}.Vanilla|Any CPU.ActiveCfg = Vanilla|Any CPU
		{AD6C4F54-0B87-4261-AABB-04C091A2EAD0}.Vanilla|Any CPU.Build.0 = Vanilla|Any CPU
		{AD6C4F54-0B87-4261-AABB-04C091A2EAD0}.Mergedown|Any CPU.ActiveCfg = Mergedown|Any CPU
		{AD6C4F54-0B87-4261-AABB-04C091A2EAD0}.Mergedown|Any CPU.Build.0 = Mergedown|Any CPU
		{EB1B6CFF-2BA0-4D5D-9F76-341D7364D0E3}.Vanilla|Any CPU.ActiveCfg = Vanilla|Any CPU
		{EB1B6CFF-2BA0-4D5D-9F76-341D7364D0E3}.Vanilla|Any CPU.Build.0 = Vanilla|Any CPU
		{EB1B6CFF-2BA0-4D5D-9F76-341D7364D0E3}.Mergedown|Any CPU.ActiveCfg = Mergedown|Any CPU
		{EB1B6CFF-2BA0-4D5D-9F76-341D7364D0E3}.Mergedown|Any CPU.Build.0 = Mergedown|Any CPU
		{BEF442F0-DD7A-4261-914E-1DBD07AD4852}.Vanilla|Any CPU.ActiveCfg = Vanilla|Any CPU
		{BEF442F0-DD7A-4261-914E-1DBD07AD4852}.Vanilla|Any CPU.Build.0 = Vanilla|Any CPU
		{BEF442F0-DD7A-4261-914E-1DBD07AD4852}.Mergedown|Any CPU.ActiveCfg = Mergedown|Any CPU
		{BEF442F0-DD7A-4261-914E-1DBD07AD4852}.Mergedown|Any CPU.Build.0 = Mergedown|Any CPU
		{FB3FED85-8025-4974-A880-9C6A842E390B}.Vanilla|Any CPU.ActiveCfg = Vanilla|Any CPU
		{FB3FED85-8025-4974-A880-9C6A842E390B}.Vanilla|Any CPU.Build.0 = Vanilla|Any CPU
		{FB3FED85-8025-4974-A880-9C6A842E390B}.Mergedown|Any CPU.ActiveCfg = Mergedown|Any CPU
		{FB3FED85-8025-4974-A880-9C6A842E390B}.Mergedown|Any CPU.Build.0 = Mergedown|Any CPU
		{8B35B0F6-B0DA-4E85-933A-32A3E62142A3}.Vanilla|Any CPU.ActiveCfg = Vanilla|Any CPU
		{8B35B0F6-B0DA-4E85-933A-32A3E62142A3}.Vanilla|Any CPU.Build.0 = Vanilla|Any CPU
		{8B35B0F6-B0DA-4E85-933A-32A3E62142A3}.Mergedown|Any CPU.ActiveCfg = Mergedown|Any CPU
		{B66D2E00-0798-4780-8492-C5E27A09363E}.Vanilla|Any CPU.ActiveCfg = Vanilla|Any CPU
		{B66D2E00-0798-4780-8492-C5E27A09363E}.Vanilla|Any CPU.Build.0 = Vanilla|Any CPU
		{B66D2E00-0798-4780-8492-C5E27A09363E}.Mergedown|Any CPU.ActiveCfg = Mergedown|Any CPU
		{02A99E6C-56B3-4BDA-B002-4DEDE5A86115}.Vanilla|Any CPU.ActiveCfg = Vanilla|Any CPU
		{02A99E6C-56B3-4BDA-B002-4DEDE5A86115}.Vanilla|Any CPU.Build.0 = Vanilla|Any CPU
		{02A99E6C-56B3-4BDA-B002-4DEDE5A86115}.Mergedown|Any CPU.ActiveCfg = Mergedown|Any CPU
		{02A99E6C-56B3-4BDA-B002-4DEDE5A86115}.Mergedown|Any CPU.Build.0 = Mergedown|Any CPU
		{1EA7778F-34A2-4101-9031-16366656AC4B}.Vanilla|Any CPU.ActiveCfg = Vanilla|Any CPU
		{1EA7778F-34A2-4101-9031-16366656AC4B}.Vanilla|Any CPU.Build.0 = Vanilla|Any CPU
		{1EA7778F-34A2-4101-9031-16366656AC4B}.Mergedown|Any CPU.ActiveCfg = Mergedown|Any CPU
		{1EA7778F-34A2-4101-9031-16366656AC4B}.Mergedown|Any CPU.Build.0 = Mergedown|Any CPU
		{6F8F8B54-8F19-4AD8-A4ED-CEFA9234B5ED}.Vanilla|Any CPU.ActiveCfg = Vanilla|Any CPU
		{6F8F8B54-8F19-4AD8-A4ED-CEFA9234B5ED}.Vanilla|Any CPU.Build.0 = Vanilla|Any CPU
		{6F8F8B54-8F19-4AD8-A4ED-CEFA9234B5ED}.Mergedown|Any CPU.ActiveCfg = Mergedown|Any CPU
		{6F8F8B54-8F19-4AD8-A4ED-CEFA9234B5ED}.Mergedown|Any CPU.Build.0 = Mergedown|Any CPU
		{305D3958-F5C0-47CA-A27F-ABDAD65BA007}.Vanilla|Any CPU.ActiveCfg = Vanilla|Any CPU
		{305D3958-F5C0-47CA-A27F-ABDAD65BA007}.Vanilla|Any CPU.Build.0 = Vanilla|Any CPU
		{305D3958-F5C0-47CA-A27F-ABDAD65BA007}.Mergedown|Any CPU.ActiveCfg = Mergedown|Any CPU
		{305D3958-F5C0-47CA-A27F-ABDAD65BA007}.Mergedown|Any CPU.Build.0 = Mergedown|Any CPU
		{7163CBA4-822F-40B1-BFD0-FD913D12E08D}.Vanilla|Any CPU.ActiveCfg = Vanilla|Any CPU
		{7163CBA4-822F-40B1-BFD0-FD913D12E08D}.Vanilla|Any CPU.Build.0 = Vanilla|Any CPU
		{7163CBA4-822F-40B1-BFD0-FD913D12E08D}.Mergedown|Any CPU.ActiveCfg = Vanilla|Any CPU
		{440207F5-3CC0-4BAD-B7BC-05B15E98D192}.Vanilla|Any CPU.ActiveCfg = Vanilla|Any CPU
		{440207F5-3CC0-4BAD-B7BC-05B15E98D192}.Vanilla|Any CPU.Build.0 = Vanilla|Any CPU
		{440207F5-3CC0-4BAD-B7BC-05B15E98D192}.Mergedown|Any CPU.ActiveCfg = Vanilla|Any CPU
		{54B861FC-48C7-4AB3-BA02-225514B84DF4}.Vanilla|Any CPU.ActiveCfg = Vanilla|Any CPU
		{54B861FC-48C7-4AB3-BA02-225514B84DF4}.Vanilla|Any CPU.Build.0 = Vanilla|Any CPU
		{54B861FC-48C7-4AB3-BA02-225514B84DF4}.Mergedown|Any CPU.ActiveCfg = Mergedown|Any CPU
		{54B861FC-48C7-4AB3-BA02-225514B84DF4}.Mergedown|Any CPU.Build.0 = Mergedown|Any CPU
		{A89E67C5-4E0D-4B8B-A434-0DD6D0784372}.Vanilla|Any CPU.ActiveCfg = Vanilla|Any CPU
		{A89E67C5-4E0D-4B8B-A434-0DD6D0784372}.Vanilla|Any CPU.Build.0 = Vanilla|Any CPU
		{A89E67C5-4E0D-4B8B-A434-0DD6D0784372}.Mergedown|Any CPU.ActiveCfg = Mergedown|Any CPU
		{A89E67C5-4E0D-4B8B-A434-0DD6D0784372}.Mergedown|Any CPU.Build.0 = Mergedown|Any CPU
		{ECE77403-D04A-4A7C-BA57-EB0BAA7CC589}.Vanilla|Any CPU.ActiveCfg = Vanilla|Any CPU
		{ECE77403-D04A-4A7C-BA57-EB0BAA7CC589}.Vanilla|Any CPU.Build.0 = Vanilla|Any CPU
		{ECE77403-D04A-4A7C-BA57-EB0BAA7CC589}.Mergedown|Any CPU.ActiveCfg = Mergedown|Any CPU
		{ECE77403-D04A-4A7C-BA57-EB0BAA7CC589}.Mergedown|Any CPU.Build.0 = Mergedown|Any CPU
		{74B564BA-77FF-4C35-B209-9F8147A8DA47}.Vanilla|Any CPU.ActiveCfg = Vanilla|Any CPU
		{74B564BA-77FF-4C35-B209-9F8147A8DA47}.Vanilla|Any CPU.Build.0 = Vanilla|Any CPU
		{74B564BA-77FF-4C35-B209-9F8147A8DA47}.Mergedown|Any CPU.ActiveCfg = Vanilla|Any CPU
		{6DEAED3C-2E4E-43DD-9C91-61736F5314FE}.Vanilla|Any CPU.ActiveCfg = Vanilla|Any CPU
		{6DEAED3C-2E4E-43DD-9C91-61736F5314FE}.Vanilla|Any CPU.Build.0 = Vanilla|Any CPU
		{6DEAED3C-2E4E-43DD-9C91-61736F5314FE}.Mergedown|Any CPU.ActiveCfg = Mergedown|Any CPU
		{6DEAED3C-2E4E-43DD-9C91-61736F5314FE}.Mergedown|Any CPU.Build.0 = Mergedown|Any CPU
		{68BA2946-58D7-4E6C-AEA2-FC91A608CCA4}.Vanilla|Any CPU.ActiveCfg = Vanilla|Any CPU
		{68BA2946-58D7-4E6C-AEA2-FC91A608CCA4}.Vanilla|Any CPU.Build.0 = Vanilla|Any CPU
		{68BA2946-58D7-4E6C-AEA2-FC91A608CCA4}.Mergedown|Any CPU.ActiveCfg = Mergedown|Any CPU
		{68BA2946-58D7-4E6C-AEA2-FC91A608CCA4}.Mergedown|Any CPU.Build.0 = Mergedown|Any CPU
		{FCC15933-E7A0-4FDA-BE73-8B13CE462206}.Vanilla|Any CPU.ActiveCfg = Vanilla|Any CPU
		{FCC15933-E7A0-4FDA-BE73-8B13CE462206}.Vanilla|Any CPU.Build.0 = Vanilla|Any CPU
		{FCC15933-E7A0-4FDA-BE73-8B13CE462206}.Mergedown|Any CPU.ActiveCfg = Mergedown|Any CPU
		{FCC15933-E7A0-4FDA-BE73-8B13CE462206}.Mergedown|Any CPU.Build.0 = Mergedown|Any CPU
		{62C8D362-094C-4010-B2CC-423FCC3F4E50}.Vanilla|Any CPU.ActiveCfg = Vanilla|Any CPU
		{62C8D362-094C-4010-B2CC-423FCC3F4E50}.Vanilla|Any CPU.Build.0 = Vanilla|Any CPU
		{62C8D362-094C-4010-B2CC-423FCC3F4E50}.Mergedown|Any CPU.ActiveCfg = Mergedown|Any CPU
		{62C8D362-094C-4010-B2CC-423FCC3F4E50}.Mergedown|Any CPU.Build.0 = Mergedown|Any CPU
		{4B3CAC7A-2AF0-4594-89DE-3CE3E26C48CB}.Vanilla|Any CPU.ActiveCfg = Vanilla|Any CPU
		{4B3CAC7A-2AF0-4594-89DE-3CE3E26C48CB}.Vanilla|Any CPU.Build.0 = Vanilla|Any CPU
		{4B3CAC7A-2AF0-4594-89DE-3CE3E26C48CB}.Mergedown|Any CPU.ActiveCfg = Mergedown|Any CPU
		{4B3CAC7A-2AF0-4594-89DE-3CE3E26C48CB}.Mergedown|Any CPU.Build.0 = Mergedown|Any CPU
	EndGlobalSection
EndGlobal
